<?xml version="1.0" encoding="UTF-8" standalone="yes" ?>
<CodeBlocks_project_file>
	<FileVersion major="1" minor="6" />
	<Project>
		<Option title="Os" />
		<Option pch_mode="2" />
		<Option compiler="gcc" />
		<Option virtualFolders="src\;include\;" />
		<Build>
			<Target title="Debug">
				<Option output="bin/Debug/Os" prefix_auto="1" extension_auto="1" />
				<Option object_output="obj/Debug/" />
				<Option type="1" />
				<Option compiler="gcc" />
				<Compiler>
					<Add option="-g" />
					<Add directory="include" />
				</Compiler>
			</Target>
			<Target title="Release">
				<Option output="bin/Release/Os" prefix_auto="1" extension_auto="1" />
				<Option object_output="obj/Release/" />
				<Option type="1" />
				<Option compiler="gcc" />
				<Compiler>
					<Add option="-O2" />
					<Add directory="include" />
				</Compiler>
				<Linker>
					<Add option="-s" />
				</Linker>
			</Target>
		</Build>
		<Compiler>
			<Add option="-Wall" />
		</Compiler>
		<Unit filename="include/ALU.h" />
		<Unit filename="include/CPU.h" />
		<Unit filename="include/CU.h" />
		<Unit filename="include/CpuMem.h" />
		<Unit filename="include/Dispatcher.h" />
		<Unit filename="include/Driver.h" />
		<Unit filename="include/FCFS_Scheduler.h" />
		<Unit filename="include/HDD.h" />
		<Unit filename="include/IScheduler.h" />
		<Unit filename="include/Loader.h" />
		<Unit filename="include/Motherboard.h" />
		<Unit filename="include/PCB.h" />
		<Unit filename="include/PriorityScheduler.h" />
		<Unit filename="include/ProcessPool.h" />
		<Unit filename="include/ProcessQueue.h" />
		<Unit filename="include/RAM.h" />
		<Unit filename="include/m32.h">
			<Option virtualFolder="include/" />
		</Unit>
		<Unit filename="src/ALU.cpp" />
		<Unit filename="src/CPU.cpp" />
		<Unit filename="src/CU.cpp" />
		<Unit filename="src/CpuMem.cpp" />
		<Unit filename="src/Dispatcher.cpp" />
		<Unit filename="src/Driver.cpp" />
		<Unit filename="src/FCFS_Scheduler.cpp" />
		<Unit filename="src/HDD.cpp" />
		<Unit filename="src/IScheduler.cpp" />
		<Unit filename="src/Loader.cpp" />
		<Unit filename="src/Motherboard.cpp" />
		<Unit filename="src/PCB.cpp" />
		<Unit filename="src/PriorityScheduler.cpp" />
		<Unit filename="src/ProcessPool.cpp" />
		<Unit filename="src/RAM.cpp" />
		<Unit filename="src/m32.cpp" />
		<Unit filename="src/tester.cpp" />
		<Extensions>
			<code_completion />
			<envvars />
			<debugger />
			<lib_finder disable_auto="1" />
		</Extensions>
	</Project>
</CodeBlocks_project_file>
